{
  "originHash" : "654d2845e4010b0baeabac620a6020ee35878e4d0e0928860f009f548475b868",
  "pins" : [
    {
      "identity" : "flagskit",
      "kind" : "remoteSourceControl",
      "location" : "https://github.com/pichukov/FlagsKit",
      "state" : {
        "revision" : "fc98238228d15285eb1b89ec3c5c96c83170101d",
        "version" : "1.0.0"
      }
    }
  ],
  "version" : 3
}
